
Microsoft Visual Studio Solution File, Format Version 12.00
# Visual Studio Version 17
VisualStudioVersion = 17.10.35013.160
MinimumVisualStudioVersion = 10.0.40219.1
Project("{FAE04EC0-301F-11D3-BF4B-00C04F79EFBC}") = "Net_Lab6", "Net_Lab6.csproj", "{D27AC7A1-13D0-434E-AFC7-24765FCFC823}"
EndProject
Project("{FAE04EC0-301F-11D3-BF4B-00C04F79EFBC}") = "WpfApp1", "..\WpfApp1\WpfApp1.csproj", "{04716F91-9188-4123-9689-C2BA6671A4A4}"
EndProject
Project("{FAE04EC0-301F-11D3-BF4B-00C04F79EFBC}") = "laba6_test", "..\laba6_test\laba6_test.csproj", "{F8EFE81B-42B2-446B-861D-4D8DD12B95A4}"
EndProject
Global
	GlobalSection(SolutionConfigurationPlatforms) = preSolution
		Debug|Any CPU = Debug|Any CPU
		Release|Any CPU = Release|Any CPU
	EndGlobalSection
	GlobalSection(ProjectConfigurationPlatforms) = postSolution
		{D27AC7A1-13D0-434E-AFC7-24765FCFC823}.Debug|Any CPU.ActiveCfg = Debug|Any CPU
		{D27AC7A1-13D0-434E-AFC7-24765FCFC823}.Debug|Any CPU.Build.0 = Debug|Any CPU
		{D27AC7A1-13D0-434E-AFC7-24765FCFC823}.Release|Any CPU.ActiveCfg = Release|Any CPU
		{D27AC7A1-13D0-434E-AFC7-24765FCFC823}.Release|Any CPU.Build.0 = Release|Any CPU
		{04716F91-9188-4123-9689-C2BA6671A4A4}.Debug|Any CPU.ActiveCfg = Debug|Any CPU
		{04716F91-9188-4123-9689-C2BA6671A4A4}.Debug|Any CPU.Build.0 = Debug|Any CPU
		{04716F91-9188-4123-9689-C2BA6671A4A4}.Release|Any CPU.ActiveCfg = Release|Any CPU
		{04716F91-9188-4123-9689-C2BA6671A4A4}.Release|Any CPU.Build.0 = Release|Any CPU
		{F8EFE81B-42B2-446B-861D-4D8DD12B95A4}.Debug|Any CPU.ActiveCfg = Debug|Any CPU
		{F8EFE81B-42B2-446B-861D-4D8DD12B95A4}.Debug|Any CPU.Build.0 = Debug|Any CPU
		{F8EFE81B-42B2-446B-861D-4D8DD12B95A4}.Release|Any CPU.ActiveCfg = Release|Any CPU
		{F8EFE81B-42B2-446B-861D-4D8DD12B95A4}.Release|Any CPU.Build.0 = Release|Any CPU
	EndGlobalSection
	GlobalSection(SolutionProperties) = preSolution
		HideSolutionNode = FALSE
	EndGlobalSection
	GlobalSection(ExtensibilityGlobals) = postSolution
		SolutionGuid = {AFE1A920-9ECC-403A-A279-220D355884B3}
	EndGlobalSection
EndGlobal
